// !$*UTF8*$!
{
	archiveVersion = 1;
	classes = {
	};
	objectVersion = 55;
	objects = {

/* Begin PBXBuildFile section */
		4719EF4627A9E19E0061AD55 /* attractionListViewController.swift in Sources */ = {isa = PBXBuildFile; fileRef = 4719EF4527A9E19E0061AD55 /* attractionListViewController.swift */; };
		4734958D27AABA3100DF56D4 /* images in Resources */ = {isa = PBXBuildFile; fileRef = 4734958C27AABA3100DF56D4 /* images */; };
		4734959127AC187B00DF56D4 /* UsefulFunctions.swift in Sources */ = {isa = PBXBuildFile; fileRef = 4734959027AC187B00DF56D4 /* UsefulFunctions.swift */; };
		4734959327AC231400DF56D4 /* PolylineCoordinates.swift in Sources */ = {isa = PBXBuildFile; fileRef = 4734959227AC231400DF56D4 /* PolylineCoordinates.swift */; };
		4734959527AC23C500DF56D4 /* AppDelegate.swift in Sources */ = {isa = PBXBuildFile; fileRef = 4734959427AC23C500DF56D4 /* AppDelegate.swift */; };
		4734959727AC3D6100DF56D4 /* floraListViewController.swift in Sources */ = {isa = PBXBuildFile; fileRef = 4734959627AC3D6100DF56D4 /* floraListViewController.swift */; };
		4734959927AD413600DF56D4 /* placeDetailViewController.swift in Sources */ = {isa = PBXBuildFile; fileRef = 4734959827AD413600DF56D4 /* placeDetailViewController.swift */; };
		473976B6274C0F2A0031D666 /* SceneDelegate.swift in Sources */ = {isa = PBXBuildFile; fileRef = 473976B5274C0F2A0031D666 /* SceneDelegate.swift */; };
		473976BB274C0F2A0031D666 /* Main.storyboard in Resources */ = {isa = PBXBuildFile; fileRef = 473976B9274C0F2A0031D666 /* Main.storyboard */; };
		473976BD274C0F2B0031D666 /* Assets.xcassets in Resources */ = {isa = PBXBuildFile; fileRef = 473976BC274C0F2B0031D666 /* Assets.xcassets */; };
		473976C0274C0F2B0031D666 /* LaunchScreen.storyboard in Resources */ = {isa = PBXBuildFile; fileRef = 473976BE274C0F2B0031D666 /* LaunchScreen.storyboard */; };
		473976C5274C0F2B0031D666 /* Ness Botanic Visitor.app in Embed Watch Content */ = {isa = PBXBuildFile; fileRef = 473976C4274C0F2B0031D666 /* Ness Botanic Visitor.app */; platformFilter = ios; settings = {ATTRIBUTES = (RemoveHeadersOnCopy, ); }; };
		473976CB274C0F2B0031D666 /* Interface.storyboard in Resources */ = {isa = PBXBuildFile; fileRef = 473976C9274C0F2B0031D666 /* Interface.storyboard */; };
		473976CD274C0F2B0031D666 /* Assets.xcassets in Resources */ = {isa = PBXBuildFile; fileRef = 473976CC274C0F2B0031D666 /* Assets.xcassets */; };
		473976D3274C0F2B0031D666 /* Ness Botanic Garden Visitor WatchKit Extension.appex in Embed App Extensions */ = {isa = PBXBuildFile; fileRef = 473976D2274C0F2B0031D666 /* Ness Botanic Garden Visitor WatchKit Extension.appex */; settings = {ATTRIBUTES = (RemoveHeadersOnCopy, ); }; };
		473976D8274C0F2B0031D666 /* InterfaceController.swift in Sources */ = {isa = PBXBuildFile; fileRef = 473976D7274C0F2B0031D666 /* InterfaceController.swift */; };
		473976DA274C0F2B0031D666 /* ExtensionDelegate.swift in Sources */ = {isa = PBXBuildFile; fileRef = 473976D9274C0F2B0031D666 /* ExtensionDelegate.swift */; };
		473976DC274C0F2B0031D666 /* NotificationController.swift in Sources */ = {isa = PBXBuildFile; fileRef = 473976DB274C0F2B0031D666 /* NotificationController.swift */; };
		473976DE274C0F2B0031D666 /* ComplicationController.swift in Sources */ = {isa = PBXBuildFile; fileRef = 473976DD274C0F2B0031D666 /* ComplicationController.swift */; };
		473976E0274C0F2C0031D666 /* Assets.xcassets in Resources */ = {isa = PBXBuildFile; fileRef = 473976DF274C0F2C0031D666 /* Assets.xcassets */; };
		473976F3274C13410031D666 /* mapViewController.swift in Sources */ = {isa = PBXBuildFile; fileRef = 473976F2274C13410031D666 /* mapViewController.swift */; };
		473AC91627A9C43900280A25 /* Landmark.swift in Sources */ = {isa = PBXBuildFile; fileRef = 473AC91527A9C43900280A25 /* Landmark.swift */; };
		473E733E27B14F60009B311A /* trailViewController.swift in Sources */ = {isa = PBXBuildFile; fileRef = 473E733D27B14F60009B311A /* trailViewController.swift */; };
		4759A40727B69773006CAA08 /* Main Route.gpx in Resources */ = {isa = PBXBuildFile; fileRef = 4759A40627B69773006CAA08 /* Main Route.gpx */; };
		475B060D27CD757F0022D9CE /* trailPinDetailController.swift in Sources */ = {isa = PBXBuildFile; fileRef = 475B060C27CD757F0022D9CE /* trailPinDetailController.swift */; };
		475C1A2027CE6EB300721B4A /* Ness_Tests.swift in Sources */ = {isa = PBXBuildFile; fileRef = 475C1A1F27CE6EB300721B4A /* Ness_Tests.swift */; };
		476631CB27CD0ADD0050BA77 /* Botanic Circle.gpx in Resources */ = {isa = PBXBuildFile; fileRef = 476631CA27CD0ADD0050BA77 /* Botanic Circle.gpx */; };
		4786984927BEDFBF00F84992 /* UsefulFunctions.swift in Sources */ = {isa = PBXBuildFile; fileRef = 4734959027AC187B00DF56D4 /* UsefulFunctions.swift */; };
		4786984A27BEDFE800F84992 /* Trail.swift in Sources */ = {isa = PBXBuildFile; fileRef = 47C3238827BC05BC000ECB66 /* Trail.swift */; };
		4786984B27BEDFEB00F84992 /* Landmark.swift in Sources */ = {isa = PBXBuildFile; fileRef = 473AC91527A9C43900280A25 /* Landmark.swift */; };
		4786984C27BEE1DA00F84992 /* garden_sections.plist in Resources */ = {isa = PBXBuildFile; fileRef = 4797EA31274FFB0900496756 /* garden_sections.plist */; };
		4786984D27BEE1DD00F84992 /* trails.plist in Resources */ = {isa = PBXBuildFile; fileRef = 47C3238627BC052B000ECB66 /* trails.plist */; };
		4797EA30274FF49700496756 /* features.plist in Resources */ = {isa = PBXBuildFile; fileRef = 4797EA2F274FF49700496756 /* features.plist */; };
		4797EA32274FFB0900496756 /* garden_sections.plist in Resources */ = {isa = PBXBuildFile; fileRef = 4797EA31274FFB0900496756 /* garden_sections.plist */; };
		479D33FD27BACAB500FC269D /* trailDetailController.swift in Sources */ = {isa = PBXBuildFile; fileRef = 479D33FC27BACAB500FC269D /* trailDetailController.swift */; };
		47BE536A274FEC8A002C6E93 /* attractions.plist in Resources */ = {isa = PBXBuildFile; fileRef = 47BE5369274FEC8A002C6E93 /* attractions.plist */; };
		47C3238127BBF043000ECB66 /* menuTableController.swift in Sources */ = {isa = PBXBuildFile; fileRef = 47C3238027BBF043000ECB66 /* menuTableController.swift */; };
		47C3238527BBF9BB000ECB66 /* Ness Icon 102.png in Resources */ = {isa = PBXBuildFile; fileRef = 47C3238427BBF9BB000ECB66 /* Ness Icon 102.png */; };
		47C3238727BC052B000ECB66 /* trails.plist in Resources */ = {isa = PBXBuildFile; fileRef = 47C3238627BC052B000ECB66 /* trails.plist */; };
		47C3238927BC05BC000ECB66 /* Trail.swift in Sources */ = {isa = PBXBuildFile; fileRef = 47C3238827BC05BC000ECB66 /* Trail.swift */; };
		47FB8F8527BE9223008EEDFF /* SecondScreenController.swift in Sources */ = {isa = PBXBuildFile; fileRef = 47FB8F8427BE9223008EEDFF /* SecondScreenController.swift */; };
		47FB8F8827BE96CB008EEDFF /* PolylineCoordinates.swift in Sources */ = {isa = PBXBuildFile; fileRef = 4734959227AC231400DF56D4 /* PolylineCoordinates.swift */; };
		47FB8F8A27BE99A8008EEDFF /* UsefulMapFunctions.swift in Sources */ = {isa = PBXBuildFile; fileRef = 47FB8F8927BE99A8008EEDFF /* UsefulMapFunctions.swift */; };
		47FB8F8B27BE99C7008EEDFF /* UsefulFunctions.swift in Sources */ = {isa = PBXBuildFile; fileRef = 4734959027AC187B00DF56D4 /* UsefulFunctions.swift */; };
		47FB8F8C27BE99D1008EEDFF /* Landmark.swift in Sources */ = {isa = PBXBuildFile; fileRef = 473AC91527A9C43900280A25 /* Landmark.swift */; };
		47FB8F8D27BE99D3008EEDFF /* Trail.swift in Sources */ = {isa = PBXBuildFile; fileRef = 47C3238827BC05BC000ECB66 /* Trail.swift */; };
		47FB8F8E27BE9AA2008EEDFF /* garden_sections.plist in Resources */ = {isa = PBXBuildFile; fileRef = 4797EA31274FFB0900496756 /* garden_sections.plist */; };
		47FB8F8F27BE9FCD008EEDFF /* trails.plist in Resources */ = {isa = PBXBuildFile; fileRef = 47C3238627BC052B000ECB66 /* trails.plist */; };
		47FB8F9027BE9FD1008EEDFF /* attractions.plist in Resources */ = {isa = PBXBuildFile; fileRef = 47BE5369274FEC8A002C6E93 /* attractions.plist */; };
		47FB8F9127BE9FD3008EEDFF /* attractions.plist in Resources */ = {isa = PBXBuildFile; fileRef = 47BE5369274FEC8A002C6E93 /* attractions.plist */; };
		47FB8F9227BE9FD6008EEDFF /* features.plist in Resources */ = {isa = PBXBuildFile; fileRef = 4797EA2F274FF49700496756 /* features.plist */; };
		47FB8F9327BE9FD6008EEDFF /* features.plist in Resources */ = {isa = PBXBuildFile; fileRef = 4797EA2F274FF49700496756 /* features.plist */; };
		47FB8F9427BE9FD9008EEDFF /* garden_sections.plist in Resources */ = {isa = PBXBuildFile; fileRef = 4797EA31274FFB0900496756 /* garden_sections.plist */; };
		47FB8F9527BE9FDB008EEDFF /* trails.plist in Resources */ = {isa = PBXBuildFile; fileRef = 47C3238627BC052B000ECB66 /* trails.plist */; };
		47FB8F9727BEABCD008EEDFF /* DetailScreenController.swift in Sources */ = {isa = PBXBuildFile; fileRef = 47FB8F9627BEABCD008EEDFF /* DetailScreenController.swift */; };
		47FB8F9827BEB007008EEDFF /* images in Resources */ = {isa = PBXBuildFile; fileRef = 4734958C27AABA3100DF56D4 /* images */; };
		47FB8F9927BEBB2C008EEDFF /* images in Resources */ = {isa = PBXBuildFile; fileRef = 4734958C27AABA3100DF56D4 /* images */; };
/* End PBXBuildFile section */

/* Begin PBXContainerItemProxy section */
		473976C6274C0F2B0031D666 /* PBXContainerItemProxy */ = {
			isa = PBXContainerItemProxy;
			containerPortal = 473976A8274C0F2A0031D666 /* Project object */;
			proxyType = 1;
			remoteGlobalIDString = 473976C3274C0F2B0031D666;
			remoteInfo = "Ness Botanic Garden Visitor WatchKit App";
		};
		473976D4274C0F2B0031D666 /* PBXContainerItemProxy */ = {
			isa = PBXContainerItemProxy;
			containerPortal = 473976A8274C0F2A0031D666 /* Project object */;
			proxyType = 1;
			remoteGlobalIDString = 473976D1274C0F2B0031D666;
			remoteInfo = "Ness Botanic Garden Visitor WatchKit Extension";
		};
		474C300C27B682E5005C06EB /* PBXContainerItemProxy */ = {
			isa = PBXContainerItemProxy;
			containerPortal = 473976A8274C0F2A0031D666 /* Project object */;
			proxyType = 1;
			remoteGlobalIDString = 473976AF274C0F2A0031D666;
			remoteInfo = "Ness Botanic Garden Visitor";
		};
		475C1A2127CE6EB300721B4A /* PBXContainerItemProxy */ = {
			isa = PBXContainerItemProxy;
			containerPortal = 473976A8274C0F2A0031D666 /* Project object */;
			proxyType = 1;
			remoteGlobalIDString = 473976AF274C0F2A0031D666;
			remoteInfo = "Ness Botanic Garden Visitor";
		};
/* End PBXContainerItemProxy section */

/* Begin PBXCopyFilesBuildPhase section */
		473976E8274C0F2C0031D666 /* Embed App Extensions */ = {
			isa = PBXCopyFilesBuildPhase;
			buildActionMask = 2147483647;
			dstPath = "";
			dstSubfolderSpec = 13;
			files = (
				473976D3274C0F2B0031D666 /* Ness Botanic Garden Visitor WatchKit Extension.appex in Embed App Extensions */,
			);
			name = "Embed App Extensions";
			runOnlyForDeploymentPostprocessing = 0;
		};
		473976EC274C0F2C0031D666 /* Embed Watch Content */ = {
			isa = PBXCopyFilesBuildPhase;
			buildActionMask = 2147483647;
			dstPath = "$(CONTENTS_FOLDER_PATH)/Watch";
			dstSubfolderSpec = 16;
			files = (
				473976C5274C0F2B0031D666 /* Ness Botanic Visitor.app in Embed Watch Content */,
			);
			name = "Embed Watch Content";
			runOnlyForDeploymentPostprocessing = 0;
		};
/* End PBXCopyFilesBuildPhase section */

/* Begin PBXFileReference section */
		4719EF4527A9E19E0061AD55 /* attractionListViewController.swift */ = {isa = PBXFileReference; lastKnownFileType = sourcecode.swift; path = attractionListViewController.swift; sourceTree = "<group>"; };
		4734958C27AABA3100DF56D4 /* images */ = {isa = PBXFileReference; lastKnownFileType = folder; path = images; sourceTree = "<group>"; };
		4734959027AC187B00DF56D4 /* UsefulFunctions.swift */ = {isa = PBXFileReference; lastKnownFileType = sourcecode.swift; path = UsefulFunctions.swift; sourceTree = "<group>"; };
		4734959227AC231400DF56D4 /* PolylineCoordinates.swift */ = {isa = PBXFileReference; lastKnownFileType = sourcecode.swift; path = PolylineCoordinates.swift; sourceTree = "<group>"; };
		4734959427AC23C500DF56D4 /* AppDelegate.swift */ = {isa = PBXFileReference; fileEncoding = 4; lastKnownFileType = sourcecode.swift; path = AppDelegate.swift; sourceTree = "<group>"; };
		4734959627AC3D6100DF56D4 /* floraListViewController.swift */ = {isa = PBXFileReference; lastKnownFileType = sourcecode.swift; path = floraListViewController.swift; sourceTree = "<group>"; };
		4734959827AD413600DF56D4 /* placeDetailViewController.swift */ = {isa = PBXFileReference; lastKnownFileType = sourcecode.swift; path = placeDetailViewController.swift; sourceTree = "<group>"; };
		473976B0274C0F2A0031D666 /* Ness Botanic Garden Visitor.app */ = {isa = PBXFileReference; explicitFileType = wrapper.application; includeInIndex = 0; path = "Ness Botanic Garden Visitor.app"; sourceTree = BUILT_PRODUCTS_DIR; };
		473976B5274C0F2A0031D666 /* SceneDelegate.swift */ = {isa = PBXFileReference; lastKnownFileType = sourcecode.swift; path = SceneDelegate.swift; sourceTree = "<group>"; };
		473976BA274C0F2A0031D666 /* Base */ = {isa = PBXFileReference; lastKnownFileType = file.storyboard; name = Base; path = Base.lproj/Main.storyboard; sourceTree = "<group>"; };
		473976BC274C0F2B0031D666 /* Assets.xcassets */ = {isa = PBXFileReference; lastKnownFileType = folder.assetcatalog; path = Assets.xcassets; sourceTree = "<group>"; };
		473976BF274C0F2B0031D666 /* Base */ = {isa = PBXFileReference; lastKnownFileType = file.storyboard; name = Base; path = Base.lproj/LaunchScreen.storyboard; sourceTree = "<group>"; };
		473976C1274C0F2B0031D666 /* Info.plist */ = {isa = PBXFileReference; lastKnownFileType = text.plist.xml; path = Info.plist; sourceTree = "<group>"; };
		473976C4274C0F2B0031D666 /* Ness Botanic Visitor.app */ = {isa = PBXFileReference; explicitFileType = wrapper.application; includeInIndex = 0; path = "Ness Botanic Visitor.app"; sourceTree = BUILT_PRODUCTS_DIR; };
		473976CA274C0F2B0031D666 /* Base */ = {isa = PBXFileReference; lastKnownFileType = file.storyboard; name = Base; path = Base.lproj/Interface.storyboard; sourceTree = "<group>"; };
		473976CC274C0F2B0031D666 /* Assets.xcassets */ = {isa = PBXFileReference; lastKnownFileType = folder.assetcatalog; path = Assets.xcassets; sourceTree = "<group>"; };
		473976D2274C0F2B0031D666 /* Ness Botanic Garden Visitor WatchKit Extension.appex */ = {isa = PBXFileReference; explicitFileType = "wrapper.app-extension"; includeInIndex = 0; path = "Ness Botanic Garden Visitor WatchKit Extension.appex"; sourceTree = BUILT_PRODUCTS_DIR; };
		473976D7274C0F2B0031D666 /* InterfaceController.swift */ = {isa = PBXFileReference; lastKnownFileType = sourcecode.swift; path = InterfaceController.swift; sourceTree = "<group>"; };
		473976D9274C0F2B0031D666 /* ExtensionDelegate.swift */ = {isa = PBXFileReference; lastKnownFileType = sourcecode.swift; path = ExtensionDelegate.swift; sourceTree = "<group>"; };
		473976DB274C0F2B0031D666 /* NotificationController.swift */ = {isa = PBXFileReference; lastKnownFileType = sourcecode.swift; path = NotificationController.swift; sourceTree = "<group>"; };
		473976DD274C0F2B0031D666 /* ComplicationController.swift */ = {isa = PBXFileReference; lastKnownFileType = sourcecode.swift; path = ComplicationController.swift; sourceTree = "<group>"; };
		473976DF274C0F2C0031D666 /* Assets.xcassets */ = {isa = PBXFileReference; lastKnownFileType = folder.assetcatalog; path = Assets.xcassets; sourceTree = "<group>"; };
		473976E1274C0F2C0031D666 /* Info.plist */ = {isa = PBXFileReference; lastKnownFileType = text.plist.xml; path = Info.plist; sourceTree = "<group>"; };
		473976E2274C0F2C0031D666 /* PushNotificationPayload.apns */ = {isa = PBXFileReference; lastKnownFileType = text; path = PushNotificationPayload.apns; sourceTree = "<group>"; };
		473976F2274C13410031D666 /* mapViewController.swift */ = {isa = PBXFileReference; lastKnownFileType = sourcecode.swift; path = mapViewController.swift; sourceTree = "<group>"; };
		473AC91527A9C43900280A25 /* Landmark.swift */ = {isa = PBXFileReference; fileEncoding = 4; lastKnownFileType = sourcecode.swift; path = Landmark.swift; sourceTree = "<group>"; };
		473E733D27B14F60009B311A /* trailViewController.swift */ = {isa = PBXFileReference; lastKnownFileType = sourcecode.swift; path = trailViewController.swift; sourceTree = "<group>"; };
		474C300627B682E5005C06EB /* Ness Botanic Garden VisitorUITests.xctest */ = {isa = PBXFileReference; explicitFileType = wrapper.cfbundle; includeInIndex = 0; path = "Ness Botanic Garden VisitorUITests.xctest"; sourceTree = BUILT_PRODUCTS_DIR; };
		4759A40627B69773006CAA08 /* Main Route.gpx */ = {isa = PBXFileReference; fileEncoding = 4; lastKnownFileType = text.xml; name = "Main Route.gpx"; path = "Routes/Main Route.gpx"; sourceTree = "<group>"; };
		475B060C27CD757F0022D9CE /* trailPinDetailController.swift */ = {isa = PBXFileReference; lastKnownFileType = sourcecode.swift; path = trailPinDetailController.swift; sourceTree = "<group>"; };
		475C1A1D27CE6EB300721B4A /* Ness Tests.xctest */ = {isa = PBXFileReference; explicitFileType = wrapper.cfbundle; includeInIndex = 0; path = "Ness Tests.xctest"; sourceTree = BUILT_PRODUCTS_DIR; };
		475C1A1F27CE6EB300721B4A /* Ness_Tests.swift */ = {isa = PBXFileReference; lastKnownFileType = sourcecode.swift; path = Ness_Tests.swift; sourceTree = "<group>"; };
		476631CA27CD0ADD0050BA77 /* Botanic Circle.gpx */ = {isa = PBXFileReference; fileEncoding = 4; lastKnownFileType = text.xml; path = "Botanic Circle.gpx"; sourceTree = "<group>"; };
		4797EA2F274FF49700496756 /* features.plist */ = {isa = PBXFileReference; lastKnownFileType = text.plist.xml; path = features.plist; sourceTree = "<group>"; };
		4797EA31274FFB0900496756 /* garden_sections.plist */ = {isa = PBXFileReference; lastKnownFileType = text.plist.xml; path = garden_sections.plist; sourceTree = "<group>"; };
		479D33FC27BACAB500FC269D /* trailDetailController.swift */ = {isa = PBXFileReference; lastKnownFileType = sourcecode.swift; path = trailDetailController.swift; sourceTree = "<group>"; };
		47BE5369274FEC8A002C6E93 /* attractions.plist */ = {isa = PBXFileReference; lastKnownFileType = text.plist.xml; path = attractions.plist; sourceTree = "<group>"; };
		47C3238027BBF043000ECB66 /* menuTableController.swift */ = {isa = PBXFileReference; lastKnownFileType = sourcecode.swift; path = menuTableController.swift; sourceTree = "<group>"; };
		47C3238427BBF9BB000ECB66 /* Ness Icon 102.png */ = {isa = PBXFileReference; lastKnownFileType = image.png; path = "Ness Icon 102.png"; sourceTree = "<group>"; };
		47C3238627BC052B000ECB66 /* trails.plist */ = {isa = PBXFileReference; lastKnownFileType = text.plist.xml; path = trails.plist; sourceTree = "<group>"; };
		47C3238827BC05BC000ECB66 /* Trail.swift */ = {isa = PBXFileReference; lastKnownFileType = sourcecode.swift; path = Trail.swift; sourceTree = "<group>"; };
		47EE99EC27DBED5500821555 /* Ness Botanic Garden Visitor.entitlements */ = {isa = PBXFileReference; lastKnownFileType = text.plist.entitlements; path = "Ness Botanic Garden Visitor.entitlements"; sourceTree = "<group>"; };
		47FB8F8427BE9223008EEDFF /* SecondScreenController.swift */ = {isa = PBXFileReference; lastKnownFileType = sourcecode.swift; path = SecondScreenController.swift; sourceTree = "<group>"; };
		47FB8F8927BE99A8008EEDFF /* UsefulMapFunctions.swift */ = {isa = PBXFileReference; lastKnownFileType = sourcecode.swift; path = UsefulMapFunctions.swift; sourceTree = "<group>"; };
		47FB8F9627BEABCD008EEDFF /* DetailScreenController.swift */ = {isa = PBXFileReference; lastKnownFileType = sourcecode.swift; path = DetailScreenController.swift; sourceTree = "<group>"; };
/* End PBXFileReference section */

/* Begin PBXFrameworksBuildPhase section */
		473976AD274C0F2A0031D666 /* Frameworks */ = {
			isa = PBXFrameworksBuildPhase;
			buildActionMask = 2147483647;
			files = (
			);
			runOnlyForDeploymentPostprocessing = 0;
		};
		473976CF274C0F2B0031D666 /* Frameworks */ = {
			isa = PBXFrameworksBuildPhase;
			buildActionMask = 2147483647;
			files = (
			);
			runOnlyForDeploymentPostprocessing = 0;
		};
		474C300327B682E5005C06EB /* Frameworks */ = {
			isa = PBXFrameworksBuildPhase;
			buildActionMask = 2147483647;
			files = (
			);
			runOnlyForDeploymentPostprocessing = 0;
		};
		475C1A1A27CE6EB300721B4A /* Frameworks */ = {
			isa = PBXFrameworksBuildPhase;
			buildActionMask = 2147483647;
			files = (
			);
			runOnlyForDeploymentPostprocessing = 0;
		};
/* End PBXFrameworksBuildPhase section */

/* Begin PBXGroup section */
		473976A7274C0F2A0031D666 = {
			isa = PBXGroup;
			children = (
				473976B2274C0F2A0031D666 /* Ness Botanic Garden Visitor */,
				473976C8274C0F2B0031D666 /* Ness Botanic Garden Visitor WatchKit App */,
				473976D6274C0F2B0031D666 /* Ness Botanic Garden Visitor WatchKit Extension */,
				475C1A1E27CE6EB300721B4A /* Ness Tests */,
				473976B1274C0F2A0031D666 /* Products */,
			);
			sourceTree = "<group>";
		};
		473976B1274C0F2A0031D666 /* Products */ = {
			isa = PBXGroup;
			children = (
				473976B0274C0F2A0031D666 /* Ness Botanic Garden Visitor.app */,
				473976C4274C0F2B0031D666 /* Ness Botanic Visitor.app */,
				473976D2274C0F2B0031D666 /* Ness Botanic Garden Visitor WatchKit Extension.appex */,
				474C300627B682E5005C06EB /* Ness Botanic Garden VisitorUITests.xctest */,
				475C1A1D27CE6EB300721B4A /* Ness Tests.xctest */,
			);
			name = Products;
			sourceTree = "<group>";
		};
		473976B2274C0F2A0031D666 /* Ness Botanic Garden Visitor */ = {
			isa = PBXGroup;
			children = (
				47EE99EC27DBED5500821555 /* Ness Botanic Garden Visitor.entitlements */,
				473976BC274C0F2B0031D666 /* Assets.xcassets */,
				4734958C27AABA3100DF56D4 /* images */,
				4719EF4527A9E19E0061AD55 /* attractionListViewController.swift */,
				473E733D27B14F60009B311A /* trailViewController.swift */,
				479D33FC27BACAB500FC269D /* trailDetailController.swift */,
				4734959627AC3D6100DF56D4 /* floraListViewController.swift */,
				473976F2274C13410031D666 /* mapViewController.swift */,
				475B060C27CD757F0022D9CE /* trailPinDetailController.swift */,
				4734959827AD413600DF56D4 /* placeDetailViewController.swift */,
				473976B5274C0F2A0031D666 /* SceneDelegate.swift */,
				4734959427AC23C500DF56D4 /* AppDelegate.swift */,
				473976B9274C0F2A0031D666 /* Main.storyboard */,
				473976BE274C0F2B0031D666 /* LaunchScreen.storyboard */,
				4759A40627B69773006CAA08 /* Main Route.gpx */,
				476631CA27CD0ADD0050BA77 /* Botanic Circle.gpx */,
				47BE5369274FEC8A002C6E93 /* attractions.plist */,
				4797EA2F274FF49700496756 /* features.plist */,
				4797EA31274FFB0900496756 /* garden_sections.plist */,
				47C3238627BC052B000ECB66 /* trails.plist */,
				473976C1274C0F2B0031D666 /* Info.plist */,
				473AC91527A9C43900280A25 /* Landmark.swift */,
				47C3238827BC05BC000ECB66 /* Trail.swift */,
				4734959027AC187B00DF56D4 /* UsefulFunctions.swift */,
				47FB8F8927BE99A8008EEDFF /* UsefulMapFunctions.swift */,
				4734959227AC231400DF56D4 /* PolylineCoordinates.swift */,
			);
			path = "Ness Botanic Garden Visitor";
			sourceTree = "<group>";
		};
		473976C8274C0F2B0031D666 /* Ness Botanic Garden Visitor WatchKit App */ = {
			isa = PBXGroup;
			children = (
				47C3238427BBF9BB000ECB66 /* Ness Icon 102.png */,
				473976C9274C0F2B0031D666 /* Interface.storyboard */,
				473976CC274C0F2B0031D666 /* Assets.xcassets */,
			);
			path = "Ness Botanic Garden Visitor WatchKit App";
			sourceTree = "<group>";
		};
		473976D6274C0F2B0031D666 /* Ness Botanic Garden Visitor WatchKit Extension */ = {
			isa = PBXGroup;
			children = (
				473976D7274C0F2B0031D666 /* InterfaceController.swift */,
				47FB8F8427BE9223008EEDFF /* SecondScreenController.swift */,
				47FB8F9627BEABCD008EEDFF /* DetailScreenController.swift */,
				473976D9274C0F2B0031D666 /* ExtensionDelegate.swift */,
				473976DB274C0F2B0031D666 /* NotificationController.swift */,
				473976DD274C0F2B0031D666 /* ComplicationController.swift */,
				473976DF274C0F2C0031D666 /* Assets.xcassets */,
				473976E1274C0F2C0031D666 /* Info.plist */,
				473976E2274C0F2C0031D666 /* PushNotificationPayload.apns */,
				47C3238027BBF043000ECB66 /* menuTableController.swift */,
			);
			path = "Ness Botanic Garden Visitor WatchKit Extension";
			sourceTree = "<group>";
		};
		475C1A1E27CE6EB300721B4A /* Ness Tests */ = {
			isa = PBXGroup;
			children = (
				475C1A1F27CE6EB300721B4A /* Ness_Tests.swift */,
			);
			path = "Ness Tests";
			sourceTree = "<group>";
		};
/* End PBXGroup section */

/* Begin PBXNativeTarget section */
		473976AF274C0F2A0031D666 /* Ness Botanic Garden Visitor */ = {
			isa = PBXNativeTarget;
			buildConfigurationList = 473976ED274C0F2C0031D666 /* Build configuration list for PBXNativeTarget "Ness Botanic Garden Visitor" */;
			buildPhases = (
				473976AC274C0F2A0031D666 /* Sources */,
				473976AD274C0F2A0031D666 /* Frameworks */,
				473976AE274C0F2A0031D666 /* Resources */,
				473976EC274C0F2C0031D666 /* Embed Watch Content */,
			);
			buildRules = (
			);
			dependencies = (
				473976C7274C0F2B0031D666 /* PBXTargetDependency */,
			);
			name = "Ness Botanic Garden Visitor";
			productName = "Ness Botanic Garden Visitor";
			productReference = 473976B0274C0F2A0031D666 /* Ness Botanic Garden Visitor.app */;
			productType = "com.apple.product-type.application";
		};
		473976C3274C0F2B0031D666 /* Ness Botanic Garden Visitor WatchKit App */ = {
			isa = PBXNativeTarget;
			buildConfigurationList = 473976E9274C0F2C0031D666 /* Build configuration list for PBXNativeTarget "Ness Botanic Garden Visitor WatchKit App" */;
			buildPhases = (
				473976C2274C0F2B0031D666 /* Resources */,
				473976E8274C0F2C0031D666 /* Embed App Extensions */,
			);
			buildRules = (
			);
			dependencies = (
				473976D5274C0F2B0031D666 /* PBXTargetDependency */,
			);
			name = "Ness Botanic Garden Visitor WatchKit App";
			productName = "Ness Botanic Garden Visitor WatchKit App";
			productReference = 473976C4274C0F2B0031D666 /* Ness Botanic Visitor.app */;
			productType = "com.apple.product-type.application.watchapp2";
		};
		473976D1274C0F2B0031D666 /* Ness Botanic Garden Visitor WatchKit Extension */ = {
			isa = PBXNativeTarget;
			buildConfigurationList = 473976E5274C0F2C0031D666 /* Build configuration list for PBXNativeTarget "Ness Botanic Garden Visitor WatchKit Extension" */;
			buildPhases = (
				473976CE274C0F2B0031D666 /* Sources */,
				473976CF274C0F2B0031D666 /* Frameworks */,
				473976D0274C0F2B0031D666 /* Resources */,
			);
			buildRules = (
			);
			dependencies = (
			);
			name = "Ness Botanic Garden Visitor WatchKit Extension";
			productName = "Ness Botanic Garden Visitor WatchKit Extension";
			productReference = 473976D2274C0F2B0031D666 /* Ness Botanic Garden Visitor WatchKit Extension.appex */;
			productType = "com.apple.product-type.watchkit2-extension";
		};
		474C300527B682E5005C06EB /* Ness Botanic Garden VisitorUITests */ = {
			isa = PBXNativeTarget;
			buildConfigurationList = 474C301027B682E5005C06EB /* Build configuration list for PBXNativeTarget "Ness Botanic Garden VisitorUITests" */;
			buildPhases = (
				474C300227B682E5005C06EB /* Sources */,
				474C300327B682E5005C06EB /* Frameworks */,
				474C300427B682E5005C06EB /* Resources */,
			);
			buildRules = (
			);
			dependencies = (
				474C300D27B682E5005C06EB /* PBXTargetDependency */,
			);
			name = "Ness Botanic Garden VisitorUITests";
			productName = "Ness Botanic Garden VisitorUITests";
			productReference = 474C300627B682E5005C06EB /* Ness Botanic Garden VisitorUITests.xctest */;
			productType = "com.apple.product-type.bundle.ui-testing";
		};
		475C1A1C27CE6EB300721B4A /* Ness Tests */ = {
			isa = PBXNativeTarget;
			buildConfigurationList = 475C1A2327CE6EB300721B4A /* Build configuration list for PBXNativeTarget "Ness Tests" */;
			buildPhases = (
				475C1A1927CE6EB300721B4A /* Sources */,
				475C1A1A27CE6EB300721B4A /* Frameworks */,
				475C1A1B27CE6EB300721B4A /* Resources */,
			);
			buildRules = (
			);
			dependencies = (
				475C1A2227CE6EB300721B4A /* PBXTargetDependency */,
			);
			name = "Ness Tests";
			productName = "Ness Tests";
			productReference = 475C1A1D27CE6EB300721B4A /* Ness Tests.xctest */;
			productType = "com.apple.product-type.bundle.unit-test";
		};
/* End PBXNativeTarget section */

/* Begin PBXProject section */
		473976A8274C0F2A0031D666 /* Project object */ = {
			isa = PBXProject;
			attributes = {
				BuildIndependentTargetsInParallel = 1;
				LastSwiftUpdateCheck = 1320;
				LastUpgradeCheck = 1310;
				TargetAttributes = {
					473976AF274C0F2A0031D666 = {
						CreatedOnToolsVersion = 13.1;
					};
					473976C3274C0F2B0031D666 = {
						CreatedOnToolsVersion = 13.1;
					};
					473976D1274C0F2B0031D666 = {
						CreatedOnToolsVersion = 13.1;
					};
					474C300527B682E5005C06EB = {
						CreatedOnToolsVersion = 13.2.1;
						TestTargetID = 473976AF274C0F2A0031D666;
					};
					475C1A1C27CE6EB300721B4A = {
						CreatedOnToolsVersion = 13.2.1;
						TestTargetID = 473976AF274C0F2A0031D666;
					};
				};
			};
			buildConfigurationList = 473976AB274C0F2A0031D666 /* Build configuration list for PBXProject "Ness Botanic Garden Visitor" */;
			compatibilityVersion = "Xcode 13.0";
			developmentRegion = en;
			hasScannedForEncodings = 0;
			knownRegions = (
				en,
				Base,
			);
			mainGroup = 473976A7274C0F2A0031D666;
			productRefGroup = 473976B1274C0F2A0031D666 /* Products */;
			projectDirPath = "";
			projectRoot = "";
			targets = (
				473976AF274C0F2A0031D666 /* Ness Botanic Garden Visitor */,
				473976C3274C0F2B0031D666 /* Ness Botanic Garden Visitor WatchKit App */,
				473976D1274C0F2B0031D666 /* Ness Botanic Garden Visitor WatchKit Extension */,
				474C300527B682E5005C06EB /* Ness Botanic Garden VisitorUITests */,
				475C1A1C27CE6EB300721B4A /* Ness Tests */,
			);
		};
/* End PBXProject section */

/* Begin PBXResourcesBuildPhase section */
		473976AE274C0F2A0031D666 /* Resources */ = {
			isa = PBXResourcesBuildPhase;
			buildActionMask = 2147483647;
			files = (
				473976C0274C0F2B0031D666 /* LaunchScreen.storyboard in Resources */,
				473976BD274C0F2B0031D666 /* Assets.xcassets in Resources */,
				473976BB274C0F2A0031D666 /* Main.storyboard in Resources */,
				47C3238727BC052B000ECB66 /* trails.plist in Resources */,
				47BE536A274FEC8A002C6E93 /* attractions.plist in Resources */,
				4797EA30274FF49700496756 /* features.plist in Resources */,
				4734958D27AABA3100DF56D4 /* images in Resources */,
				4797EA32274FFB0900496756 /* garden_sections.plist in Resources */,
				4759A40727B69773006CAA08 /* Main Route.gpx in Resources */,
				476631CB27CD0ADD0050BA77 /* Botanic Circle.gpx in Resources */,
			);
			runOnlyForDeploymentPostprocessing = 0;
		};
		473976C2274C0F2B0031D666 /* Resources */ = {
			isa = PBXResourcesBuildPhase;
			buildActionMask = 2147483647;
			files = (
				473976CD274C0F2B0031D666 /* Assets.xcassets in Resources */,
				47FB8F9527BE9FDB008EEDFF /* trails.plist in Resources */,
				47C3238527BBF9BB000ECB66 /* Ness Icon 102.png in Resources */,
				473976CB274C0F2B0031D666 /* Interface.storyboard in Resources */,
				47FB8F9927BEBB2C008EEDFF /* images in Resources */,
				47FB8F9127BE9FD3008EEDFF /* attractions.plist in Resources */,
				47FB8F9227BE9FD6008EEDFF /* features.plist in Resources */,
				47FB8F9427BE9FD9008EEDFF /* garden_sections.plist in Resources */,
			);
			runOnlyForDeploymentPostprocessing = 0;
		};
		473976D0274C0F2B0031D666 /* Resources */ = {
			isa = PBXResourcesBuildPhase;
			buildActionMask = 2147483647;
			files = (
				47FB8F9827BEB007008EEDFF /* images in Resources */,
				47FB8F8F27BE9FCD008EEDFF /* trails.plist in Resources */,
				473976E0274C0F2C0031D666 /* Assets.xcassets in Resources */,
				47FB8F8E27BE9AA2008EEDFF /* garden_sections.plist in Resources */,
				47FB8F9027BE9FD1008EEDFF /* attractions.plist in Resources */,
				47FB8F9327BE9FD6008EEDFF /* features.plist in Resources */,
			);
			runOnlyForDeploymentPostprocessing = 0;
		};
		474C300427B682E5005C06EB /* Resources */ = {
			isa = PBXResourcesBuildPhase;
			buildActionMask = 2147483647;
			files = (
				4786984C27BEE1DA00F84992 /* garden_sections.plist in Resources */,
				4786984D27BEE1DD00F84992 /* trails.plist in Resources */,
			);
			runOnlyForDeploymentPostprocessing = 0;
		};
		475C1A1B27CE6EB300721B4A /* Resources */ = {
			isa = PBXResourcesBuildPhase;
			buildActionMask = 2147483647;
			files = (
			);
			runOnlyForDeploymentPostprocessing = 0;
		};
/* End PBXResourcesBuildPhase section */

/* Begin PBXSourcesBuildPhase section */
		473976AC274C0F2A0031D666 /* Sources */ = {
			isa = PBXSourcesBuildPhase;
			buildActionMask = 2147483647;
			files = (
				4734959127AC187B00DF56D4 /* UsefulFunctions.swift in Sources */,
				473E733E27B14F60009B311A /* trailViewController.swift in Sources */,
				473976B6274C0F2A0031D666 /* SceneDelegate.swift in Sources */,
				47FB8F8A27BE99A8008EEDFF /* UsefulMapFunctions.swift in Sources */,
				473976F3274C13410031D666 /* mapViewController.swift in Sources */,
				473AC91627A9C43900280A25 /* Landmark.swift in Sources */,
				4734959527AC23C500DF56D4 /* AppDelegate.swift in Sources */,
				4734959327AC231400DF56D4 /* PolylineCoordinates.swift in Sources */,
				4719EF4627A9E19E0061AD55 /* attractionListViewController.swift in Sources */,
				475B060D27CD757F0022D9CE /* trailPinDetailController.swift in Sources */,
				4734959727AC3D6100DF56D4 /* floraListViewController.swift in Sources */,
				479D33FD27BACAB500FC269D /* trailDetailController.swift in Sources */,
				47C3238927BC05BC000ECB66 /* Trail.swift in Sources */,
				4734959927AD413600DF56D4 /* placeDetailViewController.swift in Sources */,
			);
			runOnlyForDeploymentPostprocessing = 0;
		};
		473976CE274C0F2B0031D666 /* Sources */ = {
			isa = PBXSourcesBuildPhase;
			buildActionMask = 2147483647;
			files = (
				473976DC274C0F2B0031D666 /* NotificationController.swift in Sources */,
				473976DE274C0F2B0031D666 /* ComplicationController.swift in Sources */,
				47C3238127BBF043000ECB66 /* menuTableController.swift in Sources */,
				47FB8F8827BE96CB008EEDFF /* PolylineCoordinates.swift in Sources */,
				473976DA274C0F2B0031D666 /* ExtensionDelegate.swift in Sources */,
				47FB8F8C27BE99D1008EEDFF /* Landmark.swift in Sources */,
				47FB8F8D27BE99D3008EEDFF /* Trail.swift in Sources */,
				47FB8F8B27BE99C7008EEDFF /* UsefulFunctions.swift in Sources */,
				473976D8274C0F2B0031D666 /* InterfaceController.swift in Sources */,
				47FB8F8527BE9223008EEDFF /* SecondScreenController.swift in Sources */,
				47FB8F9727BEABCD008EEDFF /* DetailScreenController.swift in Sources */,
			);
			runOnlyForDeploymentPostprocessing = 0;
		};
		474C300227B682E5005C06EB /* Sources */ = {
			isa = PBXSourcesBuildPhase;
			buildActionMask = 2147483647;
			files = (
				4786984927BEDFBF00F84992 /* UsefulFunctions.swift in Sources */,
				4786984A27BEDFE800F84992 /* Trail.swift in Sources */,
				4786984B27BEDFEB00F84992 /* Landmark.swift in Sources */,
			);
			runOnlyForDeploymentPostprocessing = 0;
		};
		475C1A1927CE6EB300721B4A /* Sources */ = {
			isa = PBXSourcesBuildPhase;
			buildActionMask = 2147483647;
			files = (
				475C1A2027CE6EB300721B4A /* Ness_Tests.swift in Sources */,
			);
			runOnlyForDeploymentPostprocessing = 0;
		};
/* End PBXSourcesBuildPhase section */

/* Begin PBXTargetDependency section */
		473976C7274C0F2B0031D666 /* PBXTargetDependency */ = {
			isa = PBXTargetDependency;
			platformFilter = ios;
			target = 473976C3274C0F2B0031D666 /* Ness Botanic Garden Visitor WatchKit App */;
			targetProxy = 473976C6274C0F2B0031D666 /* PBXContainerItemProxy */;
		};
		473976D5274C0F2B0031D666 /* PBXTargetDependency */ = {
			isa = PBXTargetDependency;
			target = 473976D1274C0F2B0031D666 /* Ness Botanic Garden Visitor WatchKit Extension */;
			targetProxy = 473976D4274C0F2B0031D666 /* PBXContainerItemProxy */;
		};
		474C300D27B682E5005C06EB /* PBXTargetDependency */ = {
			isa = PBXTargetDependency;
			target = 473976AF274C0F2A0031D666 /* Ness Botanic Garden Visitor */;
			targetProxy = 474C300C27B682E5005C06EB /* PBXContainerItemProxy */;
		};
		475C1A2227CE6EB300721B4A /* PBXTargetDependency */ = {
			isa = PBXTargetDependency;
			target = 473976AF274C0F2A0031D666 /* Ness Botanic Garden Visitor */;
			targetProxy = 475C1A2127CE6EB300721B4A /* PBXContainerItemProxy */;
		};
/* End PBXTargetDependency section */

/* Begin PBXVariantGroup section */
		473976B9274C0F2A0031D666 /* Main.storyboard */ = {
			isa = PBXVariantGroup;
			children = (
				473976BA274C0F2A0031D666 /* Base */,
			);
			name = Main.storyboard;
			sourceTree = "<group>";
		};
		473976BE274C0F2B0031D666 /* LaunchScreen.storyboard */ = {
			isa = PBXVariantGroup;
			children = (
				473976BF274C0F2B0031D666 /* Base */,
			);
			name = LaunchScreen.storyboard;
			sourceTree = "<group>";
		};
		473976C9274C0F2B0031D666 /* Interface.storyboard */ = {
			isa = PBXVariantGroup;
			children = (
				473976CA274C0F2B0031D666 /* Base */,
			);
			name = Interface.storyboard;
			sourceTree = "<group>";
		};
/* End PBXVariantGroup section */

/* Begin XCBuildConfiguration section */
		473976E3274C0F2C0031D666 /* Debug */ = {
			isa = XCBuildConfiguration;
			buildSettings = {
				ALWAYS_SEARCH_USER_PATHS = NO;
				CLANG_ANALYZER_NONNULL = YES;
				CLANG_ANALYZER_NUMBER_OBJECT_CONVERSION = YES_AGGRESSIVE;
				CLANG_CXX_LANGUAGE_STANDARD = "gnu++17";
				CLANG_CXX_LIBRARY = "libc++";
				CLANG_ENABLE_MODULES = YES;
				CLANG_ENABLE_OBJC_ARC = YES;
				CLANG_ENABLE_OBJC_WEAK = YES;
				CLANG_WARN_BLOCK_CAPTURE_AUTORELEASING = YES;
				CLANG_WARN_BOOL_CONVERSION = YES;
				CLANG_WARN_COMMA = YES;
				CLANG_WARN_CONSTANT_CONVERSION = YES;
				CLANG_WARN_DEPRECATED_OBJC_IMPLEMENTATIONS = YES;
				CLANG_WARN_DIRECT_OBJC_ISA_USAGE = YES_ERROR;
				CLANG_WARN_DOCUMENTATION_COMMENTS = YES;
				CLANG_WARN_EMPTY_BODY = YES;
				CLANG_WARN_ENUM_CONVERSION = YES;
				CLANG_WARN_INFINITE_RECURSION = YES;
				CLANG_WARN_INT_CONVERSION = YES;
				CLANG_WARN_NON_LITERAL_NULL_CONVERSION = YES;
				CLANG_WARN_OBJC_IMPLICIT_RETAIN_SELF = YES;
				CLANG_WARN_OBJC_LITERAL_CONVERSION = YES;
				CLANG_WARN_OBJC_ROOT_CLASS = YES_ERROR;
				CLANG_WARN_QUOTED_INCLUDE_IN_FRAMEWORK_HEADER = YES;
				CLANG_WARN_RANGE_LOOP_ANALYSIS = YES;
				CLANG_WARN_STRICT_PROTOTYPES = YES;
				CLANG_WARN_SUSPICIOUS_MOVE = YES;
				CLANG_WARN_UNGUARDED_AVAILABILITY = YES_AGGRESSIVE;
				CLANG_WARN_UNREACHABLE_CODE = YES;
				CLANG_WARN__DUPLICATE_METHOD_MATCH = YES;
				COPY_PHASE_STRIP = NO;
				DEBUG_INFORMATION_FORMAT = dwarf;
				ENABLE_STRICT_OBJC_MSGSEND = YES;
				ENABLE_TESTABILITY = YES;
				GCC_C_LANGUAGE_STANDARD = gnu11;
				GCC_DYNAMIC_NO_PIC = NO;
				GCC_NO_COMMON_BLOCKS = YES;
				GCC_OPTIMIZATION_LEVEL = 0;
				GCC_PREPROCESSOR_DEFINITIONS = (
					"DEBUG=1",
					"$(inherited)",
				);
				GCC_WARN_64_TO_32_BIT_CONVERSION = YES;
				GCC_WARN_ABOUT_RETURN_TYPE = YES_ERROR;
				GCC_WARN_UNDECLARED_SELECTOR = YES;
				GCC_WARN_UNINITIALIZED_AUTOS = YES_AGGRESSIVE;
				GCC_WARN_UNUSED_FUNCTION = YES;
				GCC_WARN_UNUSED_VARIABLE = YES;
				MTL_ENABLE_DEBUG_INFO = INCLUDE_SOURCE;
				MTL_FAST_MATH = YES;
				ONLY_ACTIVE_ARCH = YES;
				SWIFT_ACTIVE_COMPILATION_CONDITIONS = DEBUG;
				SWIFT_OPTIMIZATION_LEVEL = "-Onone";
			};
			name = Debug;
		};
		473976E4274C0F2C0031D666 /* Release */ = {
			isa = XCBuildConfiguration;
			buildSettings = {
				ALWAYS_SEARCH_USER_PATHS = NO;
				CLANG_ANALYZER_NONNULL = YES;
				CLANG_ANALYZER_NUMBER_OBJECT_CONVERSION = YES_AGGRESSIVE;
				CLANG_CXX_LANGUAGE_STANDARD = "gnu++17";
				CLANG_CXX_LIBRARY = "libc++";
				CLANG_ENABLE_MODULES = YES;
				CLANG_ENABLE_OBJC_ARC = YES;
				CLANG_ENABLE_OBJC_WEAK = YES;
				CLANG_WARN_BLOCK_CAPTURE_AUTORELEASING = YES;
				CLANG_WARN_BOOL_CONVERSION = YES;
				CLANG_WARN_COMMA = YES;
				CLANG_WARN_CONSTANT_CONVERSION = YES;
				CLANG_WARN_DEPRECATED_OBJC_IMPLEMENTATIONS = YES;
				CLANG_WARN_DIRECT_OBJC_ISA_USAGE = YES_ERROR;
				CLANG_WARN_DOCUMENTATION_COMMENTS = YES;
				CLANG_WARN_EMPTY_BODY = YES;
				CLANG_WARN_ENUM_CONVERSION = YES;
				CLANG_WARN_INFINITE_RECURSION = YES;
				CLANG_WARN_INT_CONVERSION = YES;
				CLANG_WARN_NON_LITERAL_NULL_CONVERSION = YES;
				CLANG_WARN_OBJC_IMPLICIT_RETAIN_SELF = YES;
				CLANG_WARN_OBJC_LITERAL_CONVERSION = YES;
				CLANG_WARN_OBJC_ROOT_CLASS = YES_ERROR;
				CLANG_WARN_QUOTED_INCLUDE_IN_FRAMEWORK_HEADER = YES;
				CLANG_WARN_RANGE_LOOP_ANALYSIS = YES;
				CLANG_WARN_STRICT_PROTOTYPES = YES;
				CLANG_WARN_SUSPICIOUS_MOVE = YES;
				CLANG_WARN_UNGUARDED_AVAILABILITY = YES_AGGRESSIVE;
				CLANG_WARN_UNREACHABLE_CODE = YES;
				CLANG_WARN__DUPLICATE_METHOD_MATCH = YES;
				COPY_PHASE_STRIP = NO;
				DEBUG_INFORMATION_FORMAT = "dwarf-with-dsym";
				ENABLE_NS_ASSERTIONS = NO;
				ENABLE_STRICT_OBJC_MSGSEND = YES;
				GCC_C_LANGUAGE_STANDARD = gnu11;
				GCC_NO_COMMON_BLOCKS = YES;
				GCC_WARN_64_TO_32_BIT_CONVERSION = YES;
				GCC_WARN_ABOUT_RETURN_TYPE = YES_ERROR;
				GCC_WARN_UNDECLARED_SELECTOR = YES;
				GCC_WARN_UNINITIALIZED_AUTOS = YES_AGGRESSIVE;
				GCC_WARN_UNUSED_FUNCTION = YES;
				GCC_WARN_UNUSED_VARIABLE = YES;
				MTL_ENABLE_DEBUG_INFO = NO;
				MTL_FAST_MATH = YES;
				SWIFT_COMPILATION_MODE = wholemodule;
				SWIFT_OPTIMIZATION_LEVEL = "-O";
			};
			name = Release;
		};
		473976E6274C0F2C0031D666 /* Debug */ = {
			isa = XCBuildConfiguration;
			buildSettings = {
				ASSETCATALOG_COMPILER_COMPLICATION_NAME = Complication;
				CODE_SIGN_STYLE = Automatic;
				CURRENT_PROJECT_VERSION = 1;
				DEVELOPMENT_TEAM = NU8BL486WN;
				GENERATE_INFOPLIST_FILE = YES;
				INFOPLIST_FILE = "Ness Botanic Garden Visitor WatchKit Extension/Info.plist";
				INFOPLIST_KEY_CFBundleDisplayName = "Ness Botanic Garden Visitor WatchKit Extension";
				INFOPLIST_KEY_CLKComplicationPrincipalClass = Ness_Botanic_Garden_Visitor_WatchKit_Extension.ComplicationController;
				INFOPLIST_KEY_NSHumanReadableCopyright = "";
				INFOPLIST_KEY_NSLocationAlwaysAndWhenInUseUsageDescription = "We need your location to see how far you are from garden attractions";
				INFOPLIST_KEY_NSLocationWhenInUseUsageDescription = "We need your location to see how far you are from garden attractions";
				INFOPLIST_KEY_WKExtensionDelegateClassName = Ness_Botanic_Garden_Visitor_WatchKit_Extension.ExtensionDelegate;
				INFOPLIST_KEY_WKRunsIndependentlyOfCompanionApp = YES;
				LD_RUNPATH_SEARCH_PATHS = (
					"$(inherited)",
					"@executable_path/Frameworks",
					"@executable_path/../../Frameworks",
				);
				MARKETING_VERSION = 0.1;
				PRODUCT_BUNDLE_IDENTIFIER = "jakedarby.Ness-Botanic-Garden-Visitor.watchkitapp.watchkitextension";
				PRODUCT_NAME = "${TARGET_NAME}";
				SDKROOT = watchos;
				SKIP_INSTALL = YES;
				SWIFT_EMIT_LOC_STRINGS = YES;
				SWIFT_VERSION = 5.0;
				TARGETED_DEVICE_FAMILY = 4;
				WATCHOS_DEPLOYMENT_TARGET = 8.0;
			};
			name = Debug;
		};
		473976E7274C0F2C0031D666 /* Release */ = {
			isa = XCBuildConfiguration;
			buildSettings = {
				ASSETCATALOG_COMPILER_COMPLICATION_NAME = Complication;
				CODE_SIGN_STYLE = Automatic;
				CURRENT_PROJECT_VERSION = 1;
				DEVELOPMENT_TEAM = NU8BL486WN;
				GENERATE_INFOPLIST_FILE = YES;
				INFOPLIST_FILE = "Ness Botanic Garden Visitor WatchKit Extension/Info.plist";
				INFOPLIST_KEY_CFBundleDisplayName = "Ness Botanic Garden Visitor WatchKit Extension";
				INFOPLIST_KEY_CLKComplicationPrincipalClass = Ness_Botanic_Garden_Visitor_WatchKit_Extension.ComplicationController;
				INFOPLIST_KEY_NSHumanReadableCopyright = "";
				INFOPLIST_KEY_NSLocationAlwaysAndWhenInUseUsageDescription = "We need your location to see how far you are from garden attractions";
				INFOPLIST_KEY_NSLocationWhenInUseUsageDescription = "We need your location to see how far you are from garden attractions";
				INFOPLIST_KEY_WKExtensionDelegateClassName = Ness_Botanic_Garden_Visitor_WatchKit_Extension.ExtensionDelegate;
				INFOPLIST_KEY_WKRunsIndependentlyOfCompanionApp = YES;
				LD_RUNPATH_SEARCH_PATHS = (
					"$(inherited)",
					"@executable_path/Frameworks",
					"@executable_path/../../Frameworks",
				);
				MARKETING_VERSION = 0.1;
				PRODUCT_BUNDLE_IDENTIFIER = "jakedarby.Ness-Botanic-Garden-Visitor.watchkitapp.watchkitextension";
				PRODUCT_NAME = "${TARGET_NAME}";
				SDKROOT = watchos;
				SKIP_INSTALL = YES;
				SWIFT_EMIT_LOC_STRINGS = YES;
				SWIFT_VERSION = 5.0;
				TARGETED_DEVICE_FAMILY = 4;
				VALIDATE_PRODUCT = YES;
				WATCHOS_DEPLOYMENT_TARGET = 8.0;
			};
			name = Release;
		};
		473976EA274C0F2C0031D666 /* Debug */ = {
			isa = XCBuildConfiguration;
			buildSettings = {
				ALWAYS_EMBED_SWIFT_STANDARD_LIBRARIES = YES;
				ASSETCATALOG_COMPILER_APPICON_NAME = AppIcon;
				ASSETCATALOG_COMPILER_GLOBAL_ACCENT_COLOR_NAME = AccentColor;
				ASSETCATALOG_COMPILER_INCLUDE_ALL_APPICON_ASSETS = YES;
				CODE_SIGN_STYLE = Automatic;
				CURRENT_PROJECT_VERSION = 1;
				DEVELOPMENT_TEAM = NU8BL486WN;
				GENERATE_INFOPLIST_FILE = YES;
				IBSC_MODULE = Ness_Botanic_Garden_Visitor_WatchKit_Extension;
				INFOPLIST_KEY_UISupportedInterfaceOrientations = "UIInterfaceOrientationPortrait UIInterfaceOrientationPortraitUpsideDown";
				INFOPLIST_KEY_WKCompanionAppBundleIdentifier = "jakedarby.Ness-Botanic-Garden-Visitor";
				MARKETING_VERSION = 0.1;
				PRODUCT_BUNDLE_IDENTIFIER = "jakedarby.Ness-Botanic-Garden-Visitor.watchkitapp";
				PRODUCT_NAME = "Ness Botanic Visitor";
				SDKROOT = watchos;
				SKIP_INSTALL = YES;
				SWIFT_EMIT_LOC_STRINGS = YES;
				SWIFT_VERSION = 5.0;
				TARGETED_DEVICE_FAMILY = 4;
				WATCHOS_DEPLOYMENT_TARGET = 8.0;
			};
			name = Debug;
		};
		473976EB274C0F2C0031D666 /* Release */ = {
			isa = XCBuildConfiguration;
			buildSettings = {
				ALWAYS_EMBED_SWIFT_STANDARD_LIBRARIES = YES;
				ASSETCATALOG_COMPILER_APPICON_NAME = AppIcon;
				ASSETCATALOG_COMPILER_GLOBAL_ACCENT_COLOR_NAME = AccentColor;
				ASSETCATALOG_COMPILER_INCLUDE_ALL_APPICON_ASSETS = YES;
				CODE_SIGN_STYLE = Automatic;
				CURRENT_PROJECT_VERSION = 1;
				DEVELOPMENT_TEAM = NU8BL486WN;
				GENERATE_INFOPLIST_FILE = YES;
				IBSC_MODULE = Ness_Botanic_Garden_Visitor_WatchKit_Extension;
				INFOPLIST_KEY_UISupportedInterfaceOrientations = "UIInterfaceOrientationPortrait UIInterfaceOrientationPortraitUpsideDown";
				INFOPLIST_KEY_WKCompanionAppBundleIdentifier = "jakedarby.Ness-Botanic-Garden-Visitor";
				MARKETING_VERSION = 0.1;
				PRODUCT_BUNDLE_IDENTIFIER = "jakedarby.Ness-Botanic-Garden-Visitor.watchkitapp";
				PRODUCT_NAME = "Ness Botanic Visitor";
				SDKROOT = watchos;
				SKIP_INSTALL = YES;
				SWIFT_EMIT_LOC_STRINGS = YES;
				SWIFT_VERSION = 5.0;
				TARGETED_DEVICE_FAMILY = 4;
				VALIDATE_PRODUCT = YES;
				WATCHOS_DEPLOYMENT_TARGET = 8.0;
			};
			name = Release;
		};
		473976EE274C0F2C0031D666 /* Debug */ = {
			isa = XCBuildConfiguration;
			buildSettings = {
				ASSETCATALOG_COMPILER_APPICON_NAME = AppIcon;
				ASSETCATALOG_COMPILER_GLOBAL_ACCENT_COLOR_NAME = AccentColor;
				CODE_SIGN_ENTITLEMENTS = "Ness Botanic Garden Visitor/Ness Botanic Garden Visitor.entitlements";
				CODE_SIGN_STYLE = Automatic;
				CURRENT_PROJECT_VERSION = 1;
				DEVELOPMENT_TEAM = NU8BL486WN;
				GENERATE_INFOPLIST_FILE = YES;
				INFOPLIST_FILE = "Ness Botanic Garden Visitor/Info.plist";
				INFOPLIST_KEY_CFBundleDisplayName = "Ness Botanic Visitor";
				INFOPLIST_KEY_LSApplicationCategoryType = "public.app-category.reference";
				INFOPLIST_KEY_NSLocationAlwaysAndWhenInUseUsageDescription = "We need your location to determine the distance between you and Ness features.";
				INFOPLIST_KEY_NSLocationAlwaysUsageDescription = "\"We need your location to show you where you are in the gardens\"";
				INFOPLIST_KEY_NSLocationWhenInUseUsageDescription = "\"We need your location to show you where you are in the gardens\"";
				INFOPLIST_KEY_UIApplicationSupportsIndirectInputEvents = YES;
				INFOPLIST_KEY_UILaunchStoryboardName = LaunchScreen;
				INFOPLIST_KEY_UIMainStoryboardFile = Main;
				INFOPLIST_KEY_UISupportedInterfaceOrientations = UIInterfaceOrientationPortrait;
				INFOPLIST_KEY_UISupportedInterfaceOrientations_iPad = "UIInterfaceOrientationPortrait UIInterfaceOrientationPortraitUpsideDown UIInterfaceOrientationLandscapeLeft UIInterfaceOrientationLandscapeRight";
				INFOPLIST_KEY_UISupportedInterfaceOrientations_iPhone = "UIInterfaceOrientationPortrait UIInterfaceOrientationLandscapeLeft UIInterfaceOrientationLandscapeRight";
				IPHONEOS_DEPLOYMENT_TARGET = 15.0;
				LD_RUNPATH_SEARCH_PATHS = (
					"$(inherited)",
					"@executable_path/Frameworks",
				);
				MARKETING_VERSION = 0.1;
				PRODUCT_BUNDLE_IDENTIFIER = "jakedarby.Ness-Botanic-Garden-Visitor";
				PRODUCT_NAME = "$(TARGET_NAME)";
				SDKROOT = iphoneos;
				SUPPORTS_MACCATALYST = YES;
				SWIFT_EMIT_LOC_STRINGS = YES;
				SWIFT_VERSION = 5.0;
				TARGETED_DEVICE_FAMILY = "1,2";
			};
			name = Debug;
		};
		473976EF274C0F2C0031D666 /* Release */ = {
			isa = XCBuildConfiguration;
			buildSettings = {
				ASSETCATALOG_COMPILER_APPICON_NAME = AppIcon;
				ASSETCATALOG_COMPILER_GLOBAL_ACCENT_COLOR_NAME = AccentColor;
				CODE_SIGN_ENTITLEMENTS = "Ness Botanic Garden Visitor/Ness Botanic Garden Visitor.entitlements";
				CODE_SIGN_STYLE = Automatic;
				CURRENT_PROJECT_VERSION = 1;
				DEVELOPMENT_TEAM = NU8BL486WN;
				GENERATE_INFOPLIST_FILE = YES;
				INFOPLIST_FILE = "Ness Botanic Garden Visitor/Info.plist";
				INFOPLIST_KEY_CFBundleDisplayName = "Ness Botanic Visitor";
				INFOPLIST_KEY_LSApplicationCategoryType = "public.app-category.reference";
				INFOPLIST_KEY_NSLocationAlwaysAndWhenInUseUsageDescription = "We need your location to determine the distance between you and Ness features.";
				INFOPLIST_KEY_NSLocationAlwaysUsageDescription = "\"We need your location to show you where you are in the gardens\"";
				INFOPLIST_KEY_NSLocationWhenInUseUsageDescription = "\"We need your location to show you where you are in the gardens\"";
				INFOPLIST_KEY_UIApplicationSupportsIndirectInputEvents = YES;
				INFOPLIST_KEY_UILaunchStoryboardName = LaunchScreen;
				INFOPLIST_KEY_UIMainStoryboardFile = Main;
				INFOPLIST_KEY_UISupportedInterfaceOrientations = UIInterfaceOrientationPortrait;
				INFOPLIST_KEY_UISupportedInterfaceOrientations_iPad = "UIInterfaceOrientationPortrait UIInterfaceOrientationPortraitUpsideDown UIInterfaceOrientationLandscapeLeft UIInterfaceOrientationLandscapeRight";
				INFOPLIST_KEY_UISupportedInterfaceOrientations_iPhone = "UIInterfaceOrientationPortrait UIInterfaceOrientationLandscapeLeft UIInterfaceOrientationLandscapeRight";
				IPHONEOS_DEPLOYMENT_TARGET = 15.0;
				LD_RUNPATH_SEARCH_PATHS = (
					"$(inherited)",
					"@executable_path/Frameworks",
				);
				MARKETING_VERSION = 0.1;
				PRODUCT_BUNDLE_IDENTIFIER = "jakedarby.Ness-Botanic-Garden-Visitor";
				PRODUCT_NAME = "$(TARGET_NAME)";
				SDKROOT = iphoneos;
				SUPPORTS_MACCATALYST = YES;
				SWIFT_EMIT_LOC_STRINGS = YES;
				SWIFT_VERSION = 5.0;
				TARGETED_DEVICE_FAMILY = "1,2";
				VALIDATE_PRODUCT = YES;
			};
			name = Release;
		};
		474C300E27B682E5005C06EB /* Debug */ = {
			isa = XCBuildConfiguration;
			buildSettings = {
				CODE_SIGN_STYLE = Automatic;
				CURRENT_PROJECT_VERSION = 1;
				DEVELOPMENT_TEAM = NU8BL486WN;
				GENERATE_INFOPLIST_FILE = YES;
				IPHONEOS_DEPLOYMENT_TARGET = 15.2;
				MARKETING_VERSION = 1.0;
				PRODUCT_BUNDLE_IDENTIFIER = "jakedarby.Ness-Botanic-Garden-VisitorUITests";
				PRODUCT_NAME = "$(TARGET_NAME)";
				SDKROOT = iphoneos;
				SWIFT_EMIT_LOC_STRINGS = NO;
				SWIFT_VERSION = 5.0;
				TARGETED_DEVICE_FAMILY = "1,2";
				TEST_TARGET_NAME = "Ness Botanic Garden Visitor";
			};
			name = Debug;
		};
		474C300F27B682E5005C06EB /* Release */ = {
			isa = XCBuildConfiguration;
			buildSettings = {
				CODE_SIGN_STYLE = Automatic;
				CURRENT_PROJECT_VERSION = 1;
				DEVELOPMENT_TEAM = NU8BL486WN;
				GENERATE_INFOPLIST_FILE = YES;
				IPHONEOS_DEPLOYMENT_TARGET = 15.2;
				MARKETING_VERSION = 1.0;
				PRODUCT_BUNDLE_IDENTIFIER = "jakedarby.Ness-Botanic-Garden-VisitorUITests";
				PRODUCT_NAME = "$(TARGET_NAME)";
				SDKROOT = iphoneos;
				SWIFT_EMIT_LOC_STRINGS = NO;
				SWIFT_VERSION = 5.0;
				TARGETED_DEVICE_FAMILY = "1,2";
				TEST_TARGET_NAME = "Ness Botanic Garden Visitor";
				VALIDATE_PRODUCT = YES;
			};
			name = Release;
		};
		475C1A2427CE6EB300721B4A /* Debug */ = {
			isa = XCBuildConfiguration;
			buildSettings = {
				BUNDLE_LOADER = "$(TEST_HOST)";
				CODE_SIGN_STYLE = Automatic;
				CURRENT_PROJECT_VERSION = 1;
				DEVELOPMENT_TEAM = NU8BL486WN;
				GENERATE_INFOPLIST_FILE = YES;
				IPHONEOS_DEPLOYMENT_TARGET = 15.2;
				MARKETING_VERSION = 1.0;
				PRODUCT_BUNDLE_IDENTIFIER = "jakedarby.Ness-Tests";
				PRODUCT_NAME = "$(TARGET_NAME)";
				SDKROOT = iphoneos;
				SWIFT_EMIT_LOC_STRINGS = NO;
				SWIFT_VERSION = 5.0;
				TARGETED_DEVICE_FAMILY = "1,2";
				TEST_HOST = "$(BUILT_PRODUCTS_DIR)/Ness Botanic Garden Visitor.app/Ness Botanic Garden Visitor";
			};
			name = Debug;
		};
		475C1A2527CE6EB300721B4A /* Release */ = {
			isa = XCBuildConfiguration;
			buildSettings = {
				BUNDLE_LOADER = "$(TEST_HOST)";
				CODE_SIGN_STYLE = Automatic;
				CURRENT_PROJECT_VERSION = 1;
				DEVELOPMENT_TEAM = NU8BL486WN;
				GENERATE_INFOPLIST_FILE = YES;
				IPHONEOS_DEPLOYMENT_TARGET = 15.2;
				MARKETING_VERSION = 1.0;
				PRODUCT_BUNDLE_IDENTIFIER = "jakedarby.Ness-Tests";
				PRODUCT_NAME = "$(TARGET_NAME)";
				SDKROOT = iphoneos;
				SWIFT_EMIT_LOC_STRINGS = NO;
				SWIFT_VERSION = 5.0;
				TARGETED_DEVICE_FAMILY = "1,2";
				TEST_HOST = "$(BUILT_PRODUCTS_DIR)/Ness Botanic Garden Visitor.app/Ness Botanic Garden Visitor";
				VALIDATE_PRODUCT = YES;
			};
			name = Release;
		};
/* End XCBuildConfiguration section */

/* Begin XCConfigurationList section */
		473976AB274C0F2A0031D666 /* Build configuration list for PBXProject "Ness Botanic Garden Visitor" */ = {
			isa = XCConfigurationList;
			buildConfigurations = (
				473976E3274C0F2C0031D666 /* Debug */,
				473976E4274C0F2C0031D666 /* Release */,
			);
			defaultConfigurationIsVisible = 0;
			defaultConfigurationName = Release;
		};
		473976E5274C0F2C0031D666 /* Build configuration list for PBXNativeTarget "Ness Botanic Garden Visitor WatchKit Extension" */ = {
			isa = XCConfigurationList;
			buildConfigurations = (
				473976E6274C0F2C0031D666 /* Debug */,
				473976E7274C0F2C0031D666 /* Release */,
			);
			defaultConfigurationIsVisible = 0;
			defaultConfigurationName = Release;
		};
		473976E9274C0F2C0031D666 /* Build configuration list for PBXNativeTarget "Ness Botanic Garden Visitor WatchKit App" */ = {
			isa = XCConfigurationList;
			buildConfigurations = (
				473976EA274C0F2C0031D666 /* Debug */,
				473976EB274C0F2C0031D666 /* Release */,
			);
			defaultConfigurationIsVisible = 0;
			defaultConfigurationName = Release;
		};
		473976ED274C0F2C0031D666 /* Build configuration list for PBXNativeTarget "Ness Botanic Garden Visitor" */ = {
			isa = XCConfigurationList;
			buildConfigurations = (
				473976EE274C0F2C0031D666 /* Debug */,
				473976EF274C0F2C0031D666 /* Release */,
			);
			defaultConfigurationIsVisible = 0;
			defaultConfigurationName = Release;
		};
		474C301027B682E5005C06EB /* Build configuration list for PBXNativeTarget "Ness Botanic Garden VisitorUITests" */ = {
			isa = XCConfigurationList;
			buildConfigurations = (
				474C300E27B682E5005C06EB /* Debug */,
				474C300F27B682E5005C06EB /* Release */,
			);
			defaultConfigurationIsVisible = 0;
			defaultConfigurationName = Release;
		};
		475C1A2327CE6EB300721B4A /* Build configuration list for PBXNativeTarget "Ness Tests" */ = {
			isa = XCConfigurationList;
			buildConfigurations = (
				475C1A2427CE6EB300721B4A /* Debug */,
				475C1A2527CE6EB300721B4A /* Release */,
			);
			defaultConfigurationIsVisible = 0;
			defaultConfigurationName = Release;
		};
/* End XCConfigurationList section */
	};
	rootObject = 473976A8274C0F2A0031D666 /* Project object */;
}
